
Microsoft Visual Studio Solution File, Format Version 12.00
# Visual Studio 15
VisualStudioVersion = 15.0.28307.1082
MinimumVisualStudioVersion = 10.0.40219.1
Project("{FAE04EC0-301F-11D3-BF4B-00C04F79EFBC}") = "AplicacionWebPritinel", "WebApplication2\AplicacionWebPritinel.csproj", "{5DDF7EC0-F1F5-4E63-8C7D-F5AF1BA5F508}"
EndProject
Global
	GlobalSection(SolutionConfigurationPlatforms) = preSolution
		Debug|Any CPU = Debug|Any CPU
		Release|Any CPU = Release|Any CPU
	EndGlobalSection
	GlobalSection(ProjectConfigurationPlatforms) = postSolution
		{5DDF7EC0-F1F5-4E63-8C7D-F5AF1BA5F508}.Debug|Any CPU.ActiveCfg = Debug|Any CPU
		{5DDF7EC0-F1F5-4E63-8C7D-F5AF1BA5F508}.Debug|Any CPU.Build.0 = Debug|Any CPU
		{5DDF7EC0-F1F5-4E63-8C7D-F5AF1BA5F508}.Release|Any CPU.ActiveCfg = Release|Any CPU
		{5DDF7EC0-F1F5-4E63-8C7D-F5AF1BA5F508}.Release|Any CPU.Build.0 = Release|Any CPU
	EndGlobalSection
	GlobalSection(SolutionProperties) = preSolution
		HideSolutionNode = FALSE
	EndGlobalSection
	GlobalSection(ExtensibilityGlobals) = postSolution
		SolutionGuid = {9091BF71-E2E1-4384-8FD0-58B41A7B1B3B}
	EndGlobalSection
EndGlobal
